
Microsoft Visual Studio Solution File, Format Version 12.00
# Visual Studio Version 16
VisualStudioVersion = 16.0.808.4
MinimumVisualStudioVersion = 10.0.40219.1
Project("{FAE04EC0-301F-11D3-BF4B-00C04F79EFBC}") = "JobSityChat.UI", "JobSityChat.UI.csproj", "{B622E5CE-0BA6-445B-92A3-AF18F38F1AC7}"
EndProject
Global
	GlobalSection(SolutionConfigurationPlatforms) = preSolution
		Debug|Any CPU = Debug|Any CPU
		Release|Any CPU = Release|Any CPU
	EndGlobalSection
	GlobalSection(ProjectConfigurationPlatforms) = postSolution
		{B622E5CE-0BA6-445B-92A3-AF18F38F1AC7}.Debug|Any CPU.ActiveCfg = Debug|Any CPU
		{B622E5CE-0BA6-445B-92A3-AF18F38F1AC7}.Debug|Any CPU.Build.0 = Debug|Any CPU
		{B622E5CE-0BA6-445B-92A3-AF18F38F1AC7}.Release|Any CPU.ActiveCfg = Release|Any CPU
		{B622E5CE-0BA6-445B-92A3-AF18F38F1AC7}.Release|Any CPU.Build.0 = Release|Any CPU
	EndGlobalSection
	GlobalSection(SolutionProperties) = preSolution
		HideSolutionNode = FALSE
	EndGlobalSection
	GlobalSection(ExtensibilityGlobals) = postSolution
		SolutionGuid = {4F7BDE99-40E6-465A-8480-9B54313A8B4C}
	EndGlobalSection
EndGlobal
