
Microsoft Visual Studio Solution File, Format Version 12.00
# Visual Studio Version 16
VisualStudioVersion = 16.0.808.4
MinimumVisualStudioVersion = 10.0.40219.1
Project("{FAE04EC0-301F-11D3-BF4B-00C04F79EFBC}") = "JobSityChat.Api", "JobSityChat.Api\JobSityChat.Api.csproj", "{31A3BD73-2224-4E54-A9AF-EABED90D71F7}"
EndProject
Project("{FAE04EC0-301F-11D3-BF4B-00C04F79EFBC}") = "JobSityChat.Core", "JobSityChat.Core\JobSityChat.Core.csproj", "{E5B17C63-2A0D-4857-9CF8-B789F23FEA39}"
EndProject
Project("{FAE04EC0-301F-11D3-BF4B-00C04F79EFBC}") = "JobSityChat.Infrastructure", "JobSityChat.Infrastructure\JobSityChat.Infrastructure.csproj", "{F51DEEBA-4649-4B07-95FE-5C31640CA4FB}"
EndProject
Project("{FAE04EC0-301F-11D3-BF4B-00C04F79EFBC}") = "JobSityChat.StockBot", "JobSityChat.StockBot\JobSityChat.StockBot.csproj", "{7C05A205-7DC8-4438-829B-FB3BD1EE9A83}"
EndProject
Project("{2150E333-8FDC-42A3-9474-1A3956D46DE8}") = "Tests", "Tests", "{5517976C-8756-4EB0-9A4A-1B1856928F61}"
EndProject
Project("{FAE04EC0-301F-11D3-BF4B-00C04F79EFBC}") = "JobSityChat.Infrastructure.Tests", "JobSityChat.Infrastructure.Tests\JobSityChat.Infrastructure.Tests.csproj", "{E523377A-D533-4CFF-9069-BA5D6CE478F8}"
EndProject
Global
	GlobalSection(SolutionConfigurationPlatforms) = preSolution
		Debug|Any CPU = Debug|Any CPU
		Release|Any CPU = Release|Any CPU
	EndGlobalSection
	GlobalSection(ProjectConfigurationPlatforms) = postSolution
		{31A3BD73-2224-4E54-A9AF-EABED90D71F7}.Debug|Any CPU.ActiveCfg = Debug|Any CPU
		{31A3BD73-2224-4E54-A9AF-EABED90D71F7}.Debug|Any CPU.Build.0 = Debug|Any CPU
		{31A3BD73-2224-4E54-A9AF-EABED90D71F7}.Release|Any CPU.ActiveCfg = Release|Any CPU
		{31A3BD73-2224-4E54-A9AF-EABED90D71F7}.Release|Any CPU.Build.0 = Release|Any CPU
		{E5B17C63-2A0D-4857-9CF8-B789F23FEA39}.Debug|Any CPU.ActiveCfg = Debug|Any CPU
		{E5B17C63-2A0D-4857-9CF8-B789F23FEA39}.Debug|Any CPU.Build.0 = Debug|Any CPU
		{E5B17C63-2A0D-4857-9CF8-B789F23FEA39}.Release|Any CPU.ActiveCfg = Release|Any CPU
		{E5B17C63-2A0D-4857-9CF8-B789F23FEA39}.Release|Any CPU.Build.0 = Release|Any CPU
		{F51DEEBA-4649-4B07-95FE-5C31640CA4FB}.Debug|Any CPU.ActiveCfg = Debug|Any CPU
		{F51DEEBA-4649-4B07-95FE-5C31640CA4FB}.Debug|Any CPU.Build.0 = Debug|Any CPU
		{F51DEEBA-4649-4B07-95FE-5C31640CA4FB}.Release|Any CPU.ActiveCfg = Release|Any CPU
		{F51DEEBA-4649-4B07-95FE-5C31640CA4FB}.Release|Any CPU.Build.0 = Release|Any CPU
		{7C05A205-7DC8-4438-829B-FB3BD1EE9A83}.Debug|Any CPU.ActiveCfg = Debug|Any CPU
		{7C05A205-7DC8-4438-829B-FB3BD1EE9A83}.Debug|Any CPU.Build.0 = Debug|Any CPU
		{7C05A205-7DC8-4438-829B-FB3BD1EE9A83}.Release|Any CPU.ActiveCfg = Release|Any CPU
		{7C05A205-7DC8-4438-829B-FB3BD1EE9A83}.Release|Any CPU.Build.0 = Release|Any CPU
		{E523377A-D533-4CFF-9069-BA5D6CE478F8}.Debug|Any CPU.ActiveCfg = Debug|Any CPU
		{E523377A-D533-4CFF-9069-BA5D6CE478F8}.Debug|Any CPU.Build.0 = Debug|Any CPU
		{E523377A-D533-4CFF-9069-BA5D6CE478F8}.Release|Any CPU.ActiveCfg = Release|Any CPU
		{E523377A-D533-4CFF-9069-BA5D6CE478F8}.Release|Any CPU.Build.0 = Release|Any CPU
	EndGlobalSection
	GlobalSection(SolutionProperties) = preSolution
		HideSolutionNode = FALSE
	EndGlobalSection
	GlobalSection(ExtensibilityGlobals) = postSolution
		SolutionGuid = {AA01A7E1-F145-45E4-8330-33FF3B8C6000}
	EndGlobalSection
	GlobalSection(NestedProjects) = preSolution
		{E523377A-D533-4CFF-9069-BA5D6CE478F8} = {5517976C-8756-4EB0-9A4A-1B1856928F61}
	EndGlobalSection
EndGlobal
